// !$*UTF8*$!
{
	archiveVersion = 1;
	classes = {
	};
	objectVersion = 50;
	objects = {

/* Begin PBXBuildFile section */
		3495154720A3DCEC00E9AE2C /* AppDelegate.m in Sources */ = {isa = PBXBuildFile; fileRef = 3495154620A3DCEC00E9AE2C /* AppDelegate.m */; };
		3495154A20A3DCEC00E9AE2C /* ViewController.m in Sources */ = {isa = PBXBuildFile; fileRef = 3495154920A3DCEC00E9AE2C /* ViewController.m */; };
		3495154D20A3DCEC00E9AE2C /* Main.storyboard in Resources */ = {isa = PBXBuildFile; fileRef = 3495154B20A3DCEC00E9AE2C /* Main.storyboard */; };
		3495154F20A3DCF400E9AE2C /* Assets.xcassets in Resources */ = {isa = PBXBuildFile; fileRef = 3495154E20A3DCF400E9AE2C /* Assets.xcassets */; };
		3495155220A3DCF400E9AE2C /* LaunchScreen.storyboard in Resources */ = {isa = PBXBuildFile; fileRef = 3495155020A3DCF400E9AE2C /* LaunchScreen.storyboard */; };
		3495155520A3DCF400E9AE2C /* main.m in Sources */ = {isa = PBXBuildFile; fileRef = 3495155420A3DCF400E9AE2C /* main.m */; };
		3495155F20A3DCF500E9AE2C /* iOSPrinciple_ClassAndObjectiveTests.m in Sources */ = {isa = PBXBuildFile; fileRef = 3495155E20A3DCF500E9AE2C /* iOSPrinciple_ClassAndObjectiveTests.m */; };
		3495156A20A3DCF500E9AE2C /* iOSPrinciple_ClassAndObjectiveUITests.m in Sources */ = {isa = PBXBuildFile; fileRef = 3495156920A3DCF500E9AE2C /* iOSPrinciple_ClassAndObjectiveUITests.m */; };
/* End PBXBuildFile section */

/* Begin PBXContainerItemProxy section */
		3495155B20A3DCF500E9AE2C /* PBXContainerItemProxy */ = {
			isa = PBXContainerItemProxy;
			containerPortal = 3495153A20A3DCEB00E9AE2C /* Project object */;
			proxyType = 1;
			remoteGlobalIDString = 3495154120A3DCEC00E9AE2C;
			remoteInfo = iOSPrinciple_ClassAndObjective;
		};
		3495156620A3DCF500E9AE2C /* PBXContainerItemProxy */ = {
			isa = PBXContainerItemProxy;
			containerPortal = 3495153A20A3DCEB00E9AE2C /* Project object */;
			proxyType = 1;
			remoteGlobalIDString = 3495154120A3DCEC00E9AE2C;
			remoteInfo = iOSPrinciple_ClassAndObjective;
		};
/* End PBXContainerItemProxy section */

/* Begin PBXFileReference section */
		3495154220A3DCEC00E9AE2C /* iOSPrinciple_ClassAndObjective.app */ = {isa = PBXFileReference; explicitFileType = wrapper.application; includeInIndex = 0; path = iOSPrinciple_ClassAndObjective.app; sourceTree = BUILT_PRODUCTS_DIR; };
		3495154520A3DCEC00E9AE2C /* AppDelegate.h */ = {isa = PBXFileReference; lastKnownFileType = sourcecode.c.h; path = AppDelegate.h; sourceTree = "<group>"; };
		3495154620A3DCEC00E9AE2C /* AppDelegate.m */ = {isa = PBXFileReference; lastKnownFileType = sourcecode.c.objc; path = AppDelegate.m; sourceTree = "<group>"; };
		3495154820A3DCEC00E9AE2C /* ViewController.h */ = {isa = PBXFileReference; lastKnownFileType = sourcecode.c.h; path = ViewController.h; sourceTree = "<group>"; };
		3495154920A3DCEC00E9AE2C /* ViewController.m */ = {isa = PBXFileReference; lastKnownFileType = sourcecode.c.objc; path = ViewController.m; sourceTree = "<group>"; };
		3495154C20A3DCEC00E9AE2C /* Base */ = {isa = PBXFileReference; lastKnownFileType = file.storyboard; name = Base; path = Base.lproj/Main.storyboard; sourceTree = "<group>"; };
		3495154E20A3DCF400E9AE2C /* Assets.xcassets */ = {isa = PBXFileReference; lastKnownFileType = folder.assetcatalog; path = Assets.xcassets; sourceTree = "<group>"; };
		3495155120A3DCF400E9AE2C /* Base */ = {isa = PBXFileReference; lastKnownFileType = file.storyboard; name = Base; path = Base.lproj/LaunchScreen.storyboard; sourceTree = "<group>"; };
		3495155320A3DCF400E9AE2C /* Info.plist */ = {isa = PBXFileReference; lastKnownFileType = text.plist.xml; path = Info.plist; sourceTree = "<group>"; };
		3495155420A3DCF400E9AE2C /* main.m */ = {isa = PBXFileReference; lastKnownFileType = sourcecode.c.objc; path = main.m; sourceTree = "<group>"; };
		3495155A20A3DCF500E9AE2C /* iOSPrinciple_ClassAndObjectiveTests.xctest */ = {isa = PBXFileReference; explicitFileType = wrapper.cfbundle; includeInIndex = 0; path = iOSPrinciple_ClassAndObjectiveTests.xctest; sourceTree = BUILT_PRODUCTS_DIR; };
		3495155E20A3DCF500E9AE2C /* iOSPrinciple_ClassAndObjectiveTests.m */ = {isa = PBXFileReference; lastKnownFileType = sourcecode.c.objc; path = iOSPrinciple_ClassAndObjectiveTests.m; sourceTree = "<group>"; };
		3495156020A3DCF500E9AE2C /* Info.plist */ = {isa = PBXFileReference; lastKnownFileType = text.plist.xml; path = Info.plist; sourceTree = "<group>"; };
		3495156520A3DCF500E9AE2C /* iOSPrinciple_ClassAndObjectiveUITests.xctest */ = {isa = PBXFileReference; explicitFileType = wrapper.cfbundle; includeInIndex = 0; path = iOSPrinciple_ClassAndObjectiveUITests.xctest; sourceTree = BUILT_PRODUCTS_DIR; };
		3495156920A3DCF500E9AE2C /* iOSPrinciple_ClassAndObjectiveUITests.m */ = {isa = PBXFileReference; lastKnownFileType = sourcecode.c.objc; path = iOSPrinciple_ClassAndObjectiveUITests.m; sourceTree = "<group>"; };
		3495156B20A3DCF500E9AE2C /* Info.plist */ = {isa = PBXFileReference; lastKnownFileType = text.plist.xml; path = Info.plist; sourceTree = "<group>"; };
/* End PBXFileReference section */

/* Begin PBXFrameworksBuildPhase section */
		3495153F20A3DCEC00E9AE2C /* Frameworks */ = {
			isa = PBXFrameworksBuildPhase;
			buildActionMask = 2147483647;
			files = (
			);
			runOnlyForDeploymentPostprocessing = 0;
		};
		3495155720A3DCF500E9AE2C /* Frameworks */ = {
			isa = PBXFrameworksBuildPhase;
			buildActionMask = 2147483647;
			files = (
			);
			runOnlyForDeploymentPostprocessing = 0;
		};
		3495156220A3DCF500E9AE2C /* Frameworks */ = {
			isa = PBXFrameworksBuildPhase;
			buildActionMask = 2147483647;
			files = (
			);
			runOnlyForDeploymentPostprocessing = 0;
		};
/* End PBXFrameworksBuildPhase section */

/* Begin PBXGroup section */
		3495153920A3DCEB00E9AE2C = {
			isa = PBXGroup;
			children = (
				3495154420A3DCEC00E9AE2C /* iOSPrinciple_ClassAndObjective */,
				3495155D20A3DCF500E9AE2C /* iOSPrinciple_ClassAndObjectiveTests */,
				3495156820A3DCF500E9AE2C /* iOSPrinciple_ClassAndObjectiveUITests */,
				3495154320A3DCEC00E9AE2C /* Products */,
			);
			sourceTree = "<group>";
		};
		3495154320A3DCEC00E9AE2C /* Products */ = {
			isa = PBXGroup;
			children = (
				3495154220A3DCEC00E9AE2C /* iOSPrinciple_ClassAndObjective.app */,
				3495155A20A3DCF500E9AE2C /* iOSPrinciple_ClassAndObjectiveTests.xctest */,
				3495156520A3DCF500E9AE2C /* iOSPrinciple_ClassAndObjectiveUITests.xctest */,
			);
			name = Products;
			sourceTree = "<group>";
		};
		3495154420A3DCEC00E9AE2C /* iOSPrinciple_ClassAndObjective */ = {
			isa = PBXGroup;
			children = (
				3495154520A3DCEC00E9AE2C /* AppDelegate.h */,
				3495154620A3DCEC00E9AE2C /* AppDelegate.m */,
				3495154820A3DCEC00E9AE2C /* ViewController.h */,
				3495154920A3DCEC00E9AE2C /* ViewController.m */,
				3495154B20A3DCEC00E9AE2C /* Main.storyboard */,
				3495154E20A3DCF400E9AE2C /* Assets.xcassets */,
				3495155020A3DCF400E9AE2C /* LaunchScreen.storyboard */,
				3495155320A3DCF400E9AE2C /* Info.plist */,
				3495155420A3DCF400E9AE2C /* main.m */,
			);
			path = iOSPrinciple_ClassAndObjective;
			sourceTree = "<group>";
		};
		3495155D20A3DCF500E9AE2C /* iOSPrinciple_ClassAndObjectiveTests */ = {
			isa = PBXGroup;
			children = (
				3495155E20A3DCF500E9AE2C /* iOSPrinciple_ClassAndObjectiveTests.m */,
				3495156020A3DCF500E9AE2C /* Info.plist */,
			);
			path = iOSPrinciple_ClassAndObjectiveTests;
			sourceTree = "<group>";
		};
		3495156820A3DCF500E9AE2C /* iOSPrinciple_ClassAndObjectiveUITests */ = {
			isa = PBXGroup;
			children = (
				3495156920A3DCF500E9AE2C /* iOSPrinciple_ClassAndObjectiveUITests.m */,
				3495156B20A3DCF500E9AE2C /* Info.plist */,
			);
			path = iOSPrinciple_ClassAndObjectiveUITests;
			sourceTree = "<group>";
		};
/* End PBXGroup section */

/* Begin PBXNativeTarget section */
		3495154120A3DCEC00E9AE2C /* iOSPrinciple_ClassAndObjective */ = {
			isa = PBXNativeTarget;
			buildConfigurationList = 3495156E20A3DCF500E9AE2C /* Build configuration list for PBXNativeTarget "iOSPrinciple_ClassAndObjective" */;
			buildPhases = (
				3495153E20A3DCEC00E9AE2C /* Sources */,
				3495153F20A3DCEC00E9AE2C /* Frameworks */,
				3495154020A3DCEC00E9AE2C /* Resources */,
			);
			buildRules = (
			);
			dependencies = (
			);
			name = iOSPrinciple_ClassAndObjective;
			productName = iOSPrinciple_ClassAndObjective;
			productReference = 3495154220A3DCEC00E9AE2C /* iOSPrinciple_ClassAndObjective.app */;
			productType = "com.apple.product-type.application";
		};
		3495155920A3DCF500E9AE2C /* iOSPrinciple_ClassAndObjectiveTests */ = {
			isa = PBXNativeTarget;
			buildConfigurationList = 3495157120A3DCF500E9AE2C /* Build configuration list for PBXNativeTarget "iOSPrinciple_ClassAndObjectiveTests" */;
			buildPhases = (
				3495155620A3DCF500E9AE2C /* Sources */,
				3495155720A3DCF500E9AE2C /* Frameworks */,
				3495155820A3DCF500E9AE2C /* Resources */,
			);
			buildRules = (
			);
			dependencies = (
				3495155C20A3DCF500E9AE2C /* PBXTargetDependency */,
			);
			name = iOSPrinciple_ClassAndObjectiveTests;
			productName = iOSPrinciple_ClassAndObjectiveTests;
			productReference = 3495155A20A3DCF500E9AE2C /* iOSPrinciple_ClassAndObjectiveTests.xctest */;
			productType = "com.apple.product-type.bundle.unit-test";
		};
		3495156420A3DCF500E9AE2C /* iOSPrinciple_ClassAndObjectiveUITests */ = {
			isa = PBXNativeTarget;
			buildConfigurationList = 3495157420A3DCF500E9AE2C /* Build configuration list for PBXNativeTarget "iOSPrinciple_ClassAndObjectiveUITests" */;
			buildPhases = (
				3495156120A3DCF500E9AE2C /* Sources */,
				3495156220A3DCF500E9AE2C /* Frameworks */,
				3495156320A3DCF500E9AE2C /* Resources */,
			);
			buildRules = (
			);
			dependencies = (
				3495156720A3DCF500E9AE2C /* PBXTargetDependency */,
			);
			name = iOSPrinciple_ClassAndObjectiveUITests;
			productName = iOSPrinciple_ClassAndObjectiveUITests;
			productReference = 3495156520A3DCF500E9AE2C /* iOSPrinciple_ClassAndObjectiveUITests.xctest */;
			productType = "com.apple.product-type.bundle.ui-testing";
		};
/* End PBXNativeTarget section */

/* Begin PBXProject section */
		3495153A20A3DCEB00E9AE2C /* Project object */ = {
			isa = PBXProject;
			attributes = {
				LastUpgradeCheck = 0930;
				ORGANIZATIONNAME = WhatsXie;
				TargetAttributes = {
					3495154120A3DCEC00E9AE2C = {
						CreatedOnToolsVersion = 9.3;
					};
					3495155920A3DCF500E9AE2C = {
						CreatedOnToolsVersion = 9.3;
						TestTargetID = 3495154120A3DCEC00E9AE2C;
					};
					3495156420A3DCF500E9AE2C = {
						CreatedOnToolsVersion = 9.3;
						TestTargetID = 3495154120A3DCEC00E9AE2C;
					};
				};
			};
			buildConfigurationList = 3495153D20A3DCEB00E9AE2C /* Build configuration list for PBXProject "iOSPrinciple_ClassAndObjective" */;
			compatibilityVersion = "Xcode 9.3";
			developmentRegion = en;
			hasScannedForEncodings = 0;
			knownRegions = (
				en,
				Base,
			);
			mainGroup = 3495153920A3DCEB00E9AE2C;
			productRefGroup = 3495154320A3DCEC00E9AE2C /* Products */;
			projectDirPath = "";
			projectRoot = "";
			targets = (
				3495154120A3DCEC00E9AE2C /* iOSPrinciple_ClassAndObjective */,
				3495155920A3DCF500E9AE2C /* iOSPrinciple_ClassAndObjectiveTests */,
				3495156420A3DCF500E9AE2C /* iOSPrinciple_ClassAndObjectiveUITests */,
			);
		};
/* End PBXProject section */

/* Begin PBXResourcesBuildPhase section */
		3495154020A3DCEC00E9AE2C /* Resources */ = {
			isa = PBXResourcesBuildPhase;
			buildActionMask = 2147483647;
			files = (
				3495155220A3DCF400E9AE2C /* LaunchScreen.storyboard in Resources */,
				3495154F20A3DCF400E9AE2C /* Assets.xcassets in Resources */,
				3495154D20A3DCEC00E9AE2C /* Main.storyboard in Resources */,
			);
			runOnlyForDeploymentPostprocessing = 0;
		};
		3495155820A3DCF500E9AE2C /* Resources */ = {
			isa = PBXResourcesBuildPhase;
			buildActionMask = 2147483647;
			files = (
			);
			runOnlyForDeploymentPostprocessing = 0;
		};
		3495156320A3DCF500E9AE2C /* Resources */ = {
			isa = PBXResourcesBuildPhase;
			buildActionMask = 2147483647;
			files = (
			);
			runOnlyForDeploymentPostprocessing = 0;
		};
/* End PBXResourcesBuildPhase section */

/* Begin PBXSourcesBuildPhase section */
		3495153E20A3DCEC00E9AE2C /* Sources */ = {
			isa = PBXSourcesBuildPhase;
			buildActionMask = 2147483647;
			files = (
				3495154A20A3DCEC00E9AE2C /* ViewController.m in Sources */,
				3495155520A3DCF400E9AE2C /* main.m in Sources */,
				3495154720A3DCEC00E9AE2C /* AppDelegate.m in Sources */,
			);
			runOnlyForDeploymentPostprocessing = 0;
		};
		3495155620A3DCF500E9AE2C /* Sources */ = {
			isa = PBXSourcesBuildPhase;
			buildActionMask = 2147483647;
			files = (
				3495155F20A3DCF500E9AE2C /* iOSPrinciple_ClassAndObjectiveTests.m in Sources */,
			);
			runOnlyForDeploymentPostprocessing = 0;
		};
		3495156120A3DCF500E9AE2C /* Sources */ = {
			isa = PBXSourcesBuildPhase;
			buildActionMask = 2147483647;
			files = (
				3495156A20A3DCF500E9AE2C /* iOSPrinciple_ClassAndObjectiveUITests.m in Sources */,
			);
			runOnlyForDeploymentPostprocessing = 0;
		};
/* End PBXSourcesBuildPhase section */

/* Begin PBXTargetDependency section */
		3495155C20A3DCF500E9AE2C /* PBXTargetDependency */ = {
			isa = PBXTargetDependency;
			target = 3495154120A3DCEC00E9AE2C /* iOSPrinciple_ClassAndObjective */;
			targetProxy = 3495155B20A3DCF500E9AE2C /* PBXContainerItemProxy */;
		};
		3495156720A3DCF500E9AE2C /* PBXTargetDependency */ = {
			isa = PBXTargetDependency;
			target = 3495154120A3DCEC00E9AE2C /* iOSPrinciple_ClassAndObjective */;
			targetProxy = 3495156620A3DCF500E9AE2C /* PBXContainerItemProxy */;
		};
/* End PBXTargetDependency section */

/* Begin PBXVariantGroup section */
		3495154B20A3DCEC00E9AE2C /* Main.storyboard */ = {
			isa = PBXVariantGroup;
			children = (
				3495154C20A3DCEC00E9AE2C /* Base */,
			);
			name = Main.storyboard;
			sourceTree = "<group>";
		};
		3495155020A3DCF400E9AE2C /* LaunchScreen.storyboard */ = {
			isa = PBXVariantGroup;
			children = (
				3495155120A3DCF400E9AE2C /* Base */,
			);
			name = LaunchScreen.storyboard;
			sourceTree = "<group>";
		};
/* End PBXVariantGroup section */

/* Begin XCBuildConfiguration section */
		3495156C20A3DCF500E9AE2C /* Debug */ = {
			isa = XCBuildConfiguration;
			buildSettings = {
				ALWAYS_SEARCH_USER_PATHS = NO;
				CLANG_ANALYZER_NONNULL = YES;
				CLANG_ANALYZER_NUMBER_OBJECT_CONVERSION = YES_AGGRESSIVE;
				CLANG_CXX_LANGUAGE_STANDARD = "gnu++14";
				CLANG_CXX_LIBRARY = "libc++";
				CLANG_ENABLE_MODULES = YES;
				CLANG_ENABLE_OBJC_ARC = YES;
				CLANG_ENABLE_OBJC_WEAK = YES;
				CLANG_WARN_BLOCK_CAPTURE_AUTORELEASING = YES;
				CLANG_WARN_BOOL_CONVERSION = YES;
				CLANG_WARN_COMMA = YES;
				CLANG_WARN_CONSTANT_CONVERSION = YES;
				CLANG_WARN_DEPRECATED_OBJC_IMPLEMENTATIONS = YES;
				CLANG_WARN_DIRECT_OBJC_ISA_USAGE = YES_ERROR;
				CLANG_WARN_DOCUMENTATION_COMMENTS = YES;
				CLANG_WARN_EMPTY_BODY = YES;
				CLANG_WARN_ENUM_CONVERSION = YES;
				CLANG_WARN_INFINITE_RECURSION = YES;
				CLANG_WARN_INT_CONVERSION = YES;
				CLANG_WARN_NON_LITERAL_NULL_CONVERSION = YES;
				CLANG_WARN_OBJC_IMPLICIT_RETAIN_SELF = YES;
				CLANG_WARN_OBJC_LITERAL_CONVERSION = YES;
				CLANG_WARN_OBJC_ROOT_CLASS = YES_ERROR;
				CLANG_WARN_RANGE_LOOP_ANALYSIS = YES;
				CLANG_WARN_STRICT_PROTOTYPES = YES;
				CLANG_WARN_SUSPICIOUS_MOVE = YES;
				CLANG_WARN_UNGUARDED_AVAILABILITY = YES_AGGRESSIVE;
				CLANG_WARN_UNREACHABLE_CODE = YES;
				CLANG_WARN__DUPLICATE_METHOD_MATCH = YES;
				CODE_SIGN_IDENTITY = "iPhone Developer";
				COPY_PHASE_STRIP = NO;
				DEBUG_INFORMATION_FORMAT = dwarf;
				ENABLE_STRICT_OBJC_MSGSEND = YES;
				ENABLE_TESTABILITY = YES;
				GCC_C_LANGUAGE_STANDARD = gnu11;
				GCC_DYNAMIC_NO_PIC = NO;
				GCC_NO_COMMON_BLOCKS = YES;
				GCC_OPTIMIZATION_LEVEL = 0;
				GCC_PREPROCESSOR_DEFINITIONS = (
					"DEBUG=1",
					"$(inherited)",
				);
				GCC_WARN_64_TO_32_BIT_CONVERSION = YES;
				GCC_WARN_ABOUT_RETURN_TYPE = YES_ERROR;
				GCC_WARN_UNDECLARED_SELECTOR = YES;
				GCC_WARN_UNINITIALIZED_AUTOS = YES_AGGRESSIVE;
				GCC_WARN_UNUSED_FUNCTION = YES;
				GCC_WARN_UNUSED_VARIABLE = YES;
				IPHONEOS_DEPLOYMENT_TARGET = 11.3;
				MTL_ENABLE_DEBUG_INFO = YES;
				ONLY_ACTIVE_ARCH = YES;
				SDKROOT = iphoneos;
			};
			name = Debug;
		};
		3495156D20A3DCF500E9AE2C /* Release */ = {
			isa = XCBuildConfiguration;
			buildSettings = {
				ALWAYS_SEARCH_USER_PATHS = NO;
				CLANG_ANALYZER_NONNULL = YES;
				CLANG_ANALYZER_NUMBER_OBJECT_CONVERSION = YES_AGGRESSIVE;
				CLANG_CXX_LANGUAGE_STANDARD = "gnu++14";
				CLANG_CXX_LIBRARY = "libc++";
				CLANG_ENABLE_MODULES = YES;
				CLANG_ENABLE_OBJC_ARC = YES;
				CLANG_ENABLE_OBJC_WEAK = YES;
				CLANG_WARN_BLOCK_CAPTURE_AUTORELEASING = YES;
				CLANG_WARN_BOOL_CONVERSION = YES;
				CLANG_WARN_COMMA = YES;
				CLANG_WARN_CONSTANT_CONVERSION = YES;
				CLANG_WARN_DEPRECATED_OBJC_IMPLEMENTATIONS = YES;
				CLANG_WARN_DIRECT_OBJC_ISA_USAGE = YES_ERROR;
				CLANG_WARN_DOCUMENTATION_COMMENTS = YES;
				CLANG_WARN_EMPTY_BODY = YES;
				CLANG_WARN_ENUM_CONVERSION = YES;
				CLANG_WARN_INFINITE_RECURSION = YES;
				CLANG_WARN_INT_CONVERSION = YES;
				CLANG_WARN_NON_LITERAL_NULL_CONVERSION = YES;
				CLANG_WARN_OBJC_IMPLICIT_RETAIN_SELF = YES;
				CLANG_WARN_OBJC_LITERAL_CONVERSION = YES;
				CLANG_WARN_OBJC_ROOT_CLASS = YES_ERROR;
				CLANG_WARN_RANGE_LOOP_ANALYSIS = YES;
				CLANG_WARN_STRICT_PROTOTYPES = YES;
				CLANG_WARN_SUSPICIOUS_MOVE = YES;
				CLANG_WARN_UNGUARDED_AVAILABILITY = YES_AGGRESSIVE;
				CLANG_WARN_UNREACHABLE_CODE = YES;
				CLANG_WARN__DUPLICATE_METHOD_MATCH = YES;
				CODE_SIGN_IDENTITY = "iPhone Developer";
				COPY_PHASE_STRIP = NO;
				DEBUG_INFORMATION_FORMAT = "dwarf-with-dsym";
				ENABLE_NS_ASSERTIONS = NO;
				ENABLE_STRICT_OBJC_MSGSEND = YES;
				GCC_C_LANGUAGE_STANDARD = gnu11;
				GCC_NO_COMMON_BLOCKS = YES;
				GCC_WARN_64_TO_32_BIT_CONVERSION = YES;
				GCC_WARN_ABOUT_RETURN_TYPE = YES_ERROR;
				GCC_WARN_UNDECLARED_SELECTOR = YES;
				GCC_WARN_UNINITIALIZED_AUTOS = YES_AGGRESSIVE;
				GCC_WARN_UNUSED_FUNCTION = YES;
				GCC_WARN_UNUSED_VARIABLE = YES;
				IPHONEOS_DEPLOYMENT_TARGET = 11.3;
				MTL_ENABLE_DEBUG_INFO = NO;
				SDKROOT = iphoneos;
				VALIDATE_PRODUCT = YES;
			};
			name = Release;
		};
		3495156F20A3DCF500E9AE2C /* Debug */ = {
			isa = XCBuildConfiguration;
			buildSettings = {
				ASSETCATALOG_COMPILER_APPICON_NAME = AppIcon;
				CODE_SIGN_STYLE = Automatic;
				INFOPLIST_FILE = iOSPrinciple_ClassAndObjective/Info.plist;
				LD_RUNPATH_SEARCH_PATHS = (
					"$(inherited)",
					"@executable_path/Frameworks",
				);
				PRODUCT_BUNDLE_IDENTIFIER = "R.S..iOSPrinciple-ClassAndObjective";
				PRODUCT_NAME = "$(TARGET_NAME)";
				TARGETED_DEVICE_FAMILY = "1,2";
			};
			name = Debug;
		};
		3495157020A3DCF500E9AE2C /* Release */ = {
			isa = XCBuildConfiguration;
			buildSettings = {
				ASSETCATALOG_COMPILER_APPICON_NAME = AppIcon;
				CODE_SIGN_STYLE = Automatic;
				INFOPLIST_FILE = iOSPrinciple_ClassAndObjective/Info.plist;
				LD_RUNPATH_SEARCH_PATHS = (
					"$(inherited)",
					"@executable_path/Frameworks",
				);
				PRODUCT_BUNDLE_IDENTIFIER = "R.S..iOSPrinciple-ClassAndObjective";
				PRODUCT_NAME = "$(TARGET_NAME)";
				TARGETED_DEVICE_FAMILY = "1,2";
			};
			name = Release;
		};
		3495157220A3DCF500E9AE2C /* Debug */ = {
			isa = XCBuildConfiguration;
			buildSettings = {
				BUNDLE_LOADER = "$(TEST_HOST)";
				CODE_SIGN_STYLE = Automatic;
				INFOPLIST_FILE = iOSPrinciple_ClassAndObjectiveTests/Info.plist;
				LD_RUNPATH_SEARCH_PATHS = (
					"$(inherited)",
					"@executable_path/Frameworks",
					"@loader_path/Frameworks",
				);
				PRODUCT_BUNDLE_IDENTIFIER = "R.S..iOSPrinciple-ClassAndObjectiveTests";
				PRODUCT_NAME = "$(TARGET_NAME)";
				TARGETED_DEVICE_FAMILY = "1,2";
				TEST_HOST = "$(BUILT_PRODUCTS_DIR)/iOSPrinciple_ClassAndObjective.app/iOSPrinciple_ClassAndObjective";
			};
			name = Debug;
		};
		3495157320A3DCF500E9AE2C /* Release */ = {
			isa = XCBuildConfiguration;
			buildSettings = {
				BUNDLE_LOADER = "$(TEST_HOST)";
				CODE_SIGN_STYLE = Automatic;
				INFOPLIST_FILE = iOSPrinciple_ClassAndObjectiveTests/Info.plist;
				LD_RUNPATH_SEARCH_PATHS = (
					"$(inherited)",
					"@executable_path/Frameworks",
					"@loader_path/Frameworks",
				);
				PRODUCT_BUNDLE_IDENTIFIER = "R.S..iOSPrinciple-ClassAndObjectiveTests";
				PRODUCT_NAME = "$(TARGET_NAME)";
				TARGETED_DEVICE_FAMILY = "1,2";
				TEST_HOST = "$(BUILT_PRODUCTS_DIR)/iOSPrinciple_ClassAndObjective.app/iOSPrinciple_ClassAndObjective";
			};
			name = Release;
		};
		3495157520A3DCF500E9AE2C /* Debug */ = {
			isa = XCBuildConfiguration;
			buildSettings = {
				CODE_SIGN_STYLE = Automatic;
				INFOPLIST_FILE = iOSPrinciple_ClassAndObjectiveUITests/Info.plist;
				LD_RUNPATH_SEARCH_PATHS = (
					"$(inherited)",
					"@executable_path/Frameworks",
					"@loader_path/Frameworks",
				);
				PRODUCT_BUNDLE_IDENTIFIER = "R.S..iOSPrinciple-ClassAndObjectiveUITests";
				PRODUCT_NAME = "$(TARGET_NAME)";
				TARGETED_DEVICE_FAMILY = "1,2";
				TEST_TARGET_NAME = iOSPrinciple_ClassAndObjective;
			};
			name = Debug;
		};
		3495157620A3DCF500E9AE2C /* Release */ = {
			isa = XCBuildConfiguration;
			buildSettings = {
				CODE_SIGN_STYLE = Automatic;
				INFOPLIST_FILE = iOSPrinciple_ClassAndObjectiveUITests/Info.plist;
				LD_RUNPATH_SEARCH_PATHS = (
					"$(inherited)",
					"@executable_path/Frameworks",
					"@loader_path/Frameworks",
				);
				PRODUCT_BUNDLE_IDENTIFIER = "R.S..iOSPrinciple-ClassAndObjectiveUITests";
				PRODUCT_NAME = "$(TARGET_NAME)";
				TARGETED_DEVICE_FAMILY = "1,2";
				TEST_TARGET_NAME = iOSPrinciple_ClassAndObjective;
			};
			name = Release;
		};
/* End XCBuildConfiguration section */

/* Begin XCConfigurationList section */
		3495153D20A3DCEB00E9AE2C /* Build configuration list for PBXProject "iOSPrinciple_ClassAndObjective" */ = {
			isa = XCConfigurationList;
			buildConfigurations = (
				3495156C20A3DCF500E9AE2C /* Debug */,
				3495156D20A3DCF500E9AE2C /* Release */,
			);
			defaultConfigurationIsVisible = 0;
			defaultConfigurationName = Release;
		};
		3495156E20A3DCF500E9AE2C /* Build configuration list for PBXNativeTarget "iOSPrinciple_ClassAndObjective" */ = {
			isa = XCConfigurationList;
			buildConfigurations = (
				3495156F20A3DCF500E9AE2C /* Debug */,
				3495157020A3DCF500E9AE2C /* Release */,
			);
			defaultConfigurationIsVisible = 0;
			defaultConfigurationName = Release;
		};
		3495157120A3DCF500E9AE2C /* Build configuration list for PBXNativeTarget "iOSPrinciple_ClassAndObjectiveTests" */ = {
			isa = XCConfigurationList;
			buildConfigurations = (
				3495157220A3DCF500E9AE2C /* Debug */,
				3495157320A3DCF500E9AE2C /* Release */,
			);
			defaultConfigurationIsVisible = 0;
			defaultConfigurationName = Release;
		};
		3495157420A3DCF500E9AE2C /* Build configuration list for PBXNativeTarget "iOSPrinciple_ClassAndObjectiveUITests" */ = {
			isa = XCConfigurationList;
			buildConfigurations = (
				3495157520A3DCF500E9AE2C /* Debug */,
				3495157620A3DCF500E9AE2C /* Release */,
			);
			defaultConfigurationIsVisible = 0;
			defaultConfigurationName = Release;
		};
/* End XCConfigurationList section */
	};
	rootObject = 3495153A20A3DCEB00E9AE2C /* Project object */;
}
